
Microsoft Visual Studio Solution File, Format Version 12.00
# Visual Studio Version 17
VisualStudioVersion = 17.4.33213.308
MinimumVisualStudioVersion = 10.0.40219.1
Project("{FAE04EC0-301F-11D3-BF4B-00C04F79EFBC}") = "ADO-Emp-UC7-UC9", "ADO-Emp-UC7-UC9\ADO-Emp-UC7-UC9.csproj", "{D1E691EC-024C-40E5-8EA3-15D2180BF92D}"
EndProject
Project("{FAE04EC0-301F-11D3-BF4B-00C04F79EFBC}") = "TestProject1", "TestProject1\TestProject1.csproj", "{48BE5B94-DE07-4FF1-8631-81032E0C1E01}"
EndProject
Global
	GlobalSection(SolutionConfigurationPlatforms) = preSolution
		Debug|Any CPU = Debug|Any CPU
		Release|Any CPU = Release|Any CPU
	EndGlobalSection
	GlobalSection(ProjectConfigurationPlatforms) = postSolution
		{D1E691EC-024C-40E5-8EA3-15D2180BF92D}.Debug|Any CPU.ActiveCfg = Debug|Any CPU
		{D1E691EC-024C-40E5-8EA3-15D2180BF92D}.Debug|Any CPU.Build.0 = Debug|Any CPU
		{D1E691EC-024C-40E5-8EA3-15D2180BF92D}.Release|Any CPU.ActiveCfg = Release|Any CPU
		{D1E691EC-024C-40E5-8EA3-15D2180BF92D}.Release|Any CPU.Build.0 = Release|Any CPU
		{48BE5B94-DE07-4FF1-8631-81032E0C1E01}.Debug|Any CPU.ActiveCfg = Debug|Any CPU
		{48BE5B94-DE07-4FF1-8631-81032E0C1E01}.Debug|Any CPU.Build.0 = Debug|Any CPU
		{48BE5B94-DE07-4FF1-8631-81032E0C1E01}.Release|Any CPU.ActiveCfg = Release|Any CPU
		{48BE5B94-DE07-4FF1-8631-81032E0C1E01}.Release|Any CPU.Build.0 = Release|Any CPU
	EndGlobalSection
	GlobalSection(SolutionProperties) = preSolution
		HideSolutionNode = FALSE
	EndGlobalSection
	GlobalSection(ExtensibilityGlobals) = postSolution
		SolutionGuid = {29FCEF26-EF51-4EFB-8EFF-C27DA550D6B8}
	EndGlobalSection
EndGlobal
