
Microsoft Visual Studio Solution File, Format Version 12.00
# Visual Studio Version 17
VisualStudioVersion = 17.4.33213.308
MinimumVisualStudioVersion = 10.0.40219.1
Project("{FAE04EC0-301F-11D3-BF4B-00C04F79EFBC}") = "ADO-Emp-UC10", "ADO-Emp-UC10\ADO-Emp-UC10.csproj", "{17E4843F-95CC-43B3-9CC4-FB556819A677}"
EndProject
Project("{FAE04EC0-301F-11D3-BF4B-00C04F79EFBC}") = "TestProject1", "TestProject1\TestProject1.csproj", "{C190FCCF-AD09-4B43-A84D-F27B3777C04E}"
EndProject
Global
	GlobalSection(SolutionConfigurationPlatforms) = preSolution
		Debug|Any CPU = Debug|Any CPU
		Release|Any CPU = Release|Any CPU
	EndGlobalSection
	GlobalSection(ProjectConfigurationPlatforms) = postSolution
		{17E4843F-95CC-43B3-9CC4-FB556819A677}.Debug|Any CPU.ActiveCfg = Debug|Any CPU
		{17E4843F-95CC-43B3-9CC4-FB556819A677}.Debug|Any CPU.Build.0 = Debug|Any CPU
		{17E4843F-95CC-43B3-9CC4-FB556819A677}.Release|Any CPU.ActiveCfg = Release|Any CPU
		{17E4843F-95CC-43B3-9CC4-FB556819A677}.Release|Any CPU.Build.0 = Release|Any CPU
		{C190FCCF-AD09-4B43-A84D-F27B3777C04E}.Debug|Any CPU.ActiveCfg = Debug|Any CPU
		{C190FCCF-AD09-4B43-A84D-F27B3777C04E}.Debug|Any CPU.Build.0 = Debug|Any CPU
		{C190FCCF-AD09-4B43-A84D-F27B3777C04E}.Release|Any CPU.ActiveCfg = Release|Any CPU
		{C190FCCF-AD09-4B43-A84D-F27B3777C04E}.Release|Any CPU.Build.0 = Release|Any CPU
	EndGlobalSection
	GlobalSection(SolutionProperties) = preSolution
		HideSolutionNode = FALSE
	EndGlobalSection
	GlobalSection(ExtensibilityGlobals) = postSolution
		SolutionGuid = {F51822C5-AA2C-47BE-82AD-50F9899DBE7A}
	EndGlobalSection
EndGlobal
