
Microsoft Visual Studio Solution File, Format Version 12.00
# Visual Studio Version 17
VisualStudioVersion = 17.4.33213.308
MinimumVisualStudioVersion = 10.0.40219.1
Project("{FAE04EC0-301F-11D3-BF4B-00C04F79EFBC}") = "ADO-Emp-UC5", "ADO-Emp-UC5\ADO-Emp-UC5.csproj", "{C59B6976-0534-4887-93FB-1645E65F31EF}"
EndProject
Project("{FAE04EC0-301F-11D3-BF4B-00C04F79EFBC}") = "TestProject1", "TestProject1\TestProject1.csproj", "{179D4BDC-18BB-44FC-B3AD-A92E344B835A}"
EndProject
Global
	GlobalSection(SolutionConfigurationPlatforms) = preSolution
		Debug|Any CPU = Debug|Any CPU
		Release|Any CPU = Release|Any CPU
	EndGlobalSection
	GlobalSection(ProjectConfigurationPlatforms) = postSolution
		{C59B6976-0534-4887-93FB-1645E65F31EF}.Debug|Any CPU.ActiveCfg = Debug|Any CPU
		{C59B6976-0534-4887-93FB-1645E65F31EF}.Debug|Any CPU.Build.0 = Debug|Any CPU
		{C59B6976-0534-4887-93FB-1645E65F31EF}.Release|Any CPU.ActiveCfg = Release|Any CPU
		{C59B6976-0534-4887-93FB-1645E65F31EF}.Release|Any CPU.Build.0 = Release|Any CPU
		{179D4BDC-18BB-44FC-B3AD-A92E344B835A}.Debug|Any CPU.ActiveCfg = Debug|Any CPU
		{179D4BDC-18BB-44FC-B3AD-A92E344B835A}.Debug|Any CPU.Build.0 = Debug|Any CPU
		{179D4BDC-18BB-44FC-B3AD-A92E344B835A}.Release|Any CPU.ActiveCfg = Release|Any CPU
		{179D4BDC-18BB-44FC-B3AD-A92E344B835A}.Release|Any CPU.Build.0 = Release|Any CPU
	EndGlobalSection
	GlobalSection(SolutionProperties) = preSolution
		HideSolutionNode = FALSE
	EndGlobalSection
	GlobalSection(ExtensibilityGlobals) = postSolution
		SolutionGuid = {D77F7DB7-05B6-4AE7-A967-42B59ABEDE1D}
	EndGlobalSection
EndGlobal
